
Microsoft Visual Studio Solution File, Format Version 12.00
# Visual Studio Version 17
VisualStudioVersion = 17.11.35312.102
MinimumVisualStudioVersion = 10.0.40219.1
Project("{FAE04EC0-301F-11D3-BF4B-00C04F79EFBC}") = "CSC340PharmacyGroupProject", "CSC340PharmacyGroupProject.csproj", "{C8572A81-5084-4E7F-97A8-74693524B2EF}"
EndProject
Global
	GlobalSection(SolutionConfigurationPlatforms) = preSolution
		Debug|Any CPU = Debug|Any CPU
		Release|Any CPU = Release|Any CPU
	EndGlobalSection
	GlobalSection(ProjectConfigurationPlatforms) = postSolution
		{C8572A81-5084-4E7F-97A8-74693524B2EF}.Debug|Any CPU.ActiveCfg = Debug|Any CPU
		{C8572A81-5084-4E7F-97A8-74693524B2EF}.Debug|Any CPU.Build.0 = Debug|Any CPU
		{C8572A81-5084-4E7F-97A8-74693524B2EF}.Release|Any CPU.ActiveCfg = Release|Any CPU
		{C8572A81-5084-4E7F-97A8-74693524B2EF}.Release|Any CPU.Build.0 = Release|Any CPU
	EndGlobalSection
	GlobalSection(SolutionProperties) = preSolution
		HideSolutionNode = FALSE
	EndGlobalSection
	GlobalSection(ExtensibilityGlobals) = postSolution
		SolutionGuid = {68B07225-A740-44C2-ADF6-F007BA81D347}
	EndGlobalSection
EndGlobal
